
Microsoft Visual Studio Solution File, Format Version 12.00
# Visual Studio Version 17
VisualStudioVersion = 17.5.002.0
MinimumVisualStudioVersion = 10.0.40219.1
Project("{9A19103F-16F7-4668-BE54-9A1E7A4F7556}") = "grpc-simple-server", "grpc-simple-server.csproj", "{77BB372A-9065-41DF-BB2F-864425BCCF87}"
EndProject
Global
	GlobalSection(SolutionConfigurationPlatforms) = preSolution
		Debug|Any CPU = Debug|Any CPU
		Release|Any CPU = Release|Any CPU
	EndGlobalSection
	GlobalSection(ProjectConfigurationPlatforms) = postSolution
		{77BB372A-9065-41DF-BB2F-864425BCCF87}.Debug|Any CPU.ActiveCfg = Debug|Any CPU
		{77BB372A-9065-41DF-BB2F-864425BCCF87}.Debug|Any CPU.Build.0 = Debug|Any CPU
		{77BB372A-9065-41DF-BB2F-864425BCCF87}.Release|Any CPU.ActiveCfg = Release|Any CPU
		{77BB372A-9065-41DF-BB2F-864425BCCF87}.Release|Any CPU.Build.0 = Release|Any CPU
	EndGlobalSection
	GlobalSection(SolutionProperties) = preSolution
		HideSolutionNode = FALSE
	EndGlobalSection
	GlobalSection(ExtensibilityGlobals) = postSolution
		SolutionGuid = {B0B80722-5778-4A56-B756-582537749997}
	EndGlobalSection
EndGlobal
